
Microsoft Visual Studio Solution File, Format Version 12.00
# Visual Studio Version 17
VisualStudioVersion = 17.11.35327.3
MinimumVisualStudioVersion = 10.0.40219.1
Project("{9A19103F-16F7-4668-BE54-9A1E7A4F7556}") = "CityBreaks", "CityBreaks\CityBreaks.csproj", "{8AFC8759-F11B-4E7E-8AD3-06805BA3EEFD}"
EndProject
Global
	GlobalSection(SolutionConfigurationPlatforms) = preSolution
		Debug|Any CPU = Debug|Any CPU
		Release|Any CPU = Release|Any CPU
	EndGlobalSection
	GlobalSection(ProjectConfigurationPlatforms) = postSolution
		{8AFC8759-F11B-4E7E-8AD3-06805BA3EEFD}.Debug|Any CPU.ActiveCfg = Debug|Any CPU
		{8AFC8759-F11B-4E7E-8AD3-06805BA3EEFD}.Debug|Any CPU.Build.0 = Debug|Any CPU
		{8AFC8759-F11B-4E7E-8AD3-06805BA3EEFD}.Release|Any CPU.ActiveCfg = Release|Any CPU
		{8AFC8759-F11B-4E7E-8AD3-06805BA3EEFD}.Release|Any CPU.Build.0 = Release|Any CPU
	EndGlobalSection
	GlobalSection(SolutionProperties) = preSolution
		HideSolutionNode = FALSE
	EndGlobalSection
	GlobalSection(ExtensibilityGlobals) = postSolution
		SolutionGuid = {67E459D1-D9EA-4D50-963D-AF8B81C79336}
	EndGlobalSection
EndGlobal
