
Microsoft Visual Studio Solution File, Format Version 12.00
# Visual Studio Version 17
VisualStudioVersion = 17.11.35312.102
MinimumVisualStudioVersion = 10.0.40219.1
Project("{FAE04EC0-301F-11D3-BF4B-00C04F79EFBC}") = "WorkingWithForms", "WorkingWithForms.csproj", "{4790AB7E-931F-4B58-84AE-056E751C3C38}"
EndProject
Global
	GlobalSection(SolutionConfigurationPlatforms) = preSolution
		Debug|Any CPU = Debug|Any CPU
		Release|Any CPU = Release|Any CPU
	EndGlobalSection
	GlobalSection(ProjectConfigurationPlatforms) = postSolution
		{4790AB7E-931F-4B58-84AE-056E751C3C38}.Debug|Any CPU.ActiveCfg = Debug|Any CPU
		{4790AB7E-931F-4B58-84AE-056E751C3C38}.Debug|Any CPU.Build.0 = Debug|Any CPU
		{4790AB7E-931F-4B58-84AE-056E751C3C38}.Release|Any CPU.ActiveCfg = Release|Any CPU
		{4790AB7E-931F-4B58-84AE-056E751C3C38}.Release|Any CPU.Build.0 = Release|Any CPU
	EndGlobalSection
	GlobalSection(SolutionProperties) = preSolution
		HideSolutionNode = FALSE
	EndGlobalSection
	GlobalSection(ExtensibilityGlobals) = postSolution
		SolutionGuid = {34D9FFEC-A568-4861-9700-7F111743FE19}
	EndGlobalSection
EndGlobal
